
Microsoft Visual Studio Solution File, Format Version 12.00
# Visual Studio Version 17
VisualStudioVersion = 17.3.32819.101
MinimumVisualStudioVersion = 10.0.40219.1
Project("{FAE04EC0-301F-11D3-BF4B-00C04F79EFBC}") = "Dictionary", "Colecoes\Dictionary.csproj", "{44F2DCB0-8BB8-4E19-8EF7-2C0723652454}"
EndProject
Project("{FAE04EC0-301F-11D3-BF4B-00C04F79EFBC}") = "LinkedList", "LinkedList\LinkedList.csproj", "{39E6B7B3-4FB3-4EA2-BBB7-D97304EAAB4B}"
EndProject
Project("{FAE04EC0-301F-11D3-BF4B-00C04F79EFBC}") = "List", "ListP1\List.csproj", "{9E6C454E-4D09-41A0-8BF0-4946A6D2F7AD}"
EndProject
Global
	GlobalSection(SolutionConfigurationPlatforms) = preSolution
		Debug|Any CPU = Debug|Any CPU
		Release|Any CPU = Release|Any CPU
	EndGlobalSection
	GlobalSection(ProjectConfigurationPlatforms) = postSolution
		{44F2DCB0-8BB8-4E19-8EF7-2C0723652454}.Debug|Any CPU.ActiveCfg = Debug|Any CPU
		{44F2DCB0-8BB8-4E19-8EF7-2C0723652454}.Debug|Any CPU.Build.0 = Debug|Any CPU
		{44F2DCB0-8BB8-4E19-8EF7-2C0723652454}.Release|Any CPU.ActiveCfg = Release|Any CPU
		{44F2DCB0-8BB8-4E19-8EF7-2C0723652454}.Release|Any CPU.Build.0 = Release|Any CPU
		{39E6B7B3-4FB3-4EA2-BBB7-D97304EAAB4B}.Debug|Any CPU.ActiveCfg = Debug|Any CPU
		{39E6B7B3-4FB3-4EA2-BBB7-D97304EAAB4B}.Debug|Any CPU.Build.0 = Debug|Any CPU
		{39E6B7B3-4FB3-4EA2-BBB7-D97304EAAB4B}.Release|Any CPU.ActiveCfg = Release|Any CPU
		{39E6B7B3-4FB3-4EA2-BBB7-D97304EAAB4B}.Release|Any CPU.Build.0 = Release|Any CPU
		{9E6C454E-4D09-41A0-8BF0-4946A6D2F7AD}.Debug|Any CPU.ActiveCfg = Debug|Any CPU
		{9E6C454E-4D09-41A0-8BF0-4946A6D2F7AD}.Debug|Any CPU.Build.0 = Debug|Any CPU
		{9E6C454E-4D09-41A0-8BF0-4946A6D2F7AD}.Release|Any CPU.ActiveCfg = Release|Any CPU
		{9E6C454E-4D09-41A0-8BF0-4946A6D2F7AD}.Release|Any CPU.Build.0 = Release|Any CPU
	EndGlobalSection
	GlobalSection(SolutionProperties) = preSolution
		HideSolutionNode = FALSE
	EndGlobalSection
	GlobalSection(ExtensibilityGlobals) = postSolution
		SolutionGuid = {02E2CD26-A51D-458F-AEE1-CECF9672A3BC}
	EndGlobalSection
EndGlobal
