
Microsoft Visual Studio Solution File, Format Version 12.00
# Visual Studio Version 17
VisualStudioVersion = 17.3.32819.101
MinimumVisualStudioVersion = 10.0.40219.1
Project("{FAE04EC0-301F-11D3-BF4B-00C04F79EFBC}") = "Excecoes", "Excecoes\Excecoes.csproj", "{9E6A08DB-0DA1-4820-9E42-5C013BB98AAB}"
EndProject
Global
	GlobalSection(SolutionConfigurationPlatforms) = preSolution
		Debug|Any CPU = Debug|Any CPU
		Release|Any CPU = Release|Any CPU
	EndGlobalSection
	GlobalSection(ProjectConfigurationPlatforms) = postSolution
		{9E6A08DB-0DA1-4820-9E42-5C013BB98AAB}.Debug|Any CPU.ActiveCfg = Debug|Any CPU
		{9E6A08DB-0DA1-4820-9E42-5C013BB98AAB}.Debug|Any CPU.Build.0 = Debug|Any CPU
		{9E6A08DB-0DA1-4820-9E42-5C013BB98AAB}.Release|Any CPU.ActiveCfg = Release|Any CPU
		{9E6A08DB-0DA1-4820-9E42-5C013BB98AAB}.Release|Any CPU.Build.0 = Release|Any CPU
	EndGlobalSection
	GlobalSection(SolutionProperties) = preSolution
		HideSolutionNode = FALSE
	EndGlobalSection
	GlobalSection(ExtensibilityGlobals) = postSolution
		SolutionGuid = {098C2BC5-BEB7-4896-9B7E-99EFFAD05F16}
	EndGlobalSection
EndGlobal
