
Microsoft Visual Studio Solution File, Format Version 12.00
# Visual Studio Version 17
VisualStudioVersion = 17.3.32819.101
MinimumVisualStudioVersion = 10.0.40219.1
Project("{FAE04EC0-301F-11D3-BF4B-00C04F79EFBC}") = "Projeto1", "Projeto1\Projeto1.csproj", "{DBFAAD5B-208C-4A52-AAFE-E8513406A383}"
EndProject
Global
	GlobalSection(SolutionConfigurationPlatforms) = preSolution
		Debug|Any CPU = Debug|Any CPU
		Release|Any CPU = Release|Any CPU
	EndGlobalSection
	GlobalSection(ProjectConfigurationPlatforms) = postSolution
		{DBFAAD5B-208C-4A52-AAFE-E8513406A383}.Debug|Any CPU.ActiveCfg = Debug|Any CPU
		{DBFAAD5B-208C-4A52-AAFE-E8513406A383}.Debug|Any CPU.Build.0 = Debug|Any CPU
		{DBFAAD5B-208C-4A52-AAFE-E8513406A383}.Release|Any CPU.ActiveCfg = Release|Any CPU
		{DBFAAD5B-208C-4A52-AAFE-E8513406A383}.Release|Any CPU.Build.0 = Release|Any CPU
	EndGlobalSection
	GlobalSection(SolutionProperties) = preSolution
		HideSolutionNode = FALSE
	EndGlobalSection
	GlobalSection(ExtensibilityGlobals) = postSolution
		SolutionGuid = {25B40327-9F40-4D5A-8483-618E4DA0C51D}
	EndGlobalSection
EndGlobal
