
Microsoft Visual Studio Solution File, Format Version 12.00
# Visual Studio Version 17
VisualStudioVersion = 17.3.32819.101
MinimumVisualStudioVersion = 10.0.40219.1
Project("{FAE04EC0-301F-11D3-BF4B-00C04F79EFBC}") = "Orientacao_objetos", "Orientacao_objetos\Orientacao_objetos.csproj", "{4DBB02FD-4669-4D80-A855-8B5450355E2E}"
EndProject
Global
	GlobalSection(SolutionConfigurationPlatforms) = preSolution
		Debug|Any CPU = Debug|Any CPU
		Release|Any CPU = Release|Any CPU
	EndGlobalSection
	GlobalSection(ProjectConfigurationPlatforms) = postSolution
		{4DBB02FD-4669-4D80-A855-8B5450355E2E}.Debug|Any CPU.ActiveCfg = Debug|Any CPU
		{4DBB02FD-4669-4D80-A855-8B5450355E2E}.Debug|Any CPU.Build.0 = Debug|Any CPU
		{4DBB02FD-4669-4D80-A855-8B5450355E2E}.Release|Any CPU.ActiveCfg = Release|Any CPU
		{4DBB02FD-4669-4D80-A855-8B5450355E2E}.Release|Any CPU.Build.0 = Release|Any CPU
	EndGlobalSection
	GlobalSection(SolutionProperties) = preSolution
		HideSolutionNode = FALSE
	EndGlobalSection
	GlobalSection(ExtensibilityGlobals) = postSolution
		SolutionGuid = {5A4A3F58-0E35-4161-9143-F96B85C3DB52}
	EndGlobalSection
EndGlobal
